
Microsoft Visual Studio Solution File, Format Version 12.00
# Visual Studio 15
Project("{FAE04EC0-301F-11D3-BF4B-00C04F79EFBC}") = "Assembly-CSharp", "Assembly-CSharp.csproj", "{1016561F-7916-5038-5F4C-0C3C0BA7D08A}"
EndProject
Project("{FAE04EC0-301F-11D3-BF4B-00C04F79EFBC}") = "Assembly-CSharp-Editor", "Assembly-CSharp-Editor.csproj", "{F74EF425-4161-A5C3-8EDB-335130EF9FC4}"
EndProject
Global
	GlobalSection(SolutionConfigurationPlatforms) = preSolution
		Debug|Any CPU = Debug|Any CPU
		Release|Any CPU = Release|Any CPU
	EndGlobalSection
	GlobalSection(ProjectConfigurationPlatforms) = postSolution
		{1016561F-7916-5038-5F4C-0C3C0BA7D08A}.Debug|Any CPU.ActiveCfg = Debug|Any CPU
		{1016561F-7916-5038-5F4C-0C3C0BA7D08A}.Debug|Any CPU.Build.0 = Debug|Any CPU
		{1016561F-7916-5038-5F4C-0C3C0BA7D08A}.Release|Any CPU.ActiveCfg = Release|Any CPU
		{1016561F-7916-5038-5F4C-0C3C0BA7D08A}.Release|Any CPU.Build.0 = Release|Any CPU
		{F74EF425-4161-A5C3-8EDB-335130EF9FC4}.Debug|Any CPU.ActiveCfg = Debug|Any CPU
		{F74EF425-4161-A5C3-8EDB-335130EF9FC4}.Debug|Any CPU.Build.0 = Debug|Any CPU
		{F74EF425-4161-A5C3-8EDB-335130EF9FC4}.Release|Any CPU.ActiveCfg = Release|Any CPU
		{F74EF425-4161-A5C3-8EDB-335130EF9FC4}.Release|Any CPU.Build.0 = Release|Any CPU
	EndGlobalSection
	GlobalSection(SolutionProperties) = preSolution
		HideSolutionNode = FALSE
	EndGlobalSection
EndGlobal
